
Microsoft Visual Studio Solution File, Format Version 12.00
# Visual Studio Version 17
VisualStudioVersion = 17.8.34330.188
MinimumVisualStudioVersion = 10.0.40219.1
Project("{9A19103F-16F7-4668-BE54-9A1E7A4F7556}") = "eCom.API", "eCom.API\eCom.API.csproj", "{92773D34-0F83-434B-A872-8F7EEB6B4A9F}"
EndProject
Project("{2150E333-8FDC-42A3-9474-1A3956D46DE8}") = "Core", "Core", "{84857E4E-5FEB-4423-A870-20420889AE85}"
EndProject
Project("{2150E333-8FDC-42A3-9474-1A3956D46DE8}") = "Infra", "Infra", "{98027694-7714-48DF-B06B-A55F1D15C6D6}"
EndProject
Project("{FAE04EC0-301F-11D3-BF4B-00C04F79EFBC}") = "Domain", "Domain\Domain.csproj", "{C21B6793-B741-4EFD-BCBF-0151B6F884AF}"
EndProject
Project("{FAE04EC0-301F-11D3-BF4B-00C04F79EFBC}") = "Application", "Application\Application.csproj", "{28CD5091-46E0-4F57-BEE4-5D96C3B4962F}"
EndProject
Project("{FAE04EC0-301F-11D3-BF4B-00C04F79EFBC}") = "Infrastructure", "Infrastructure\Infrastructure.csproj", "{44E18056-E7FF-4FAC-80E5-13BF9D83DDE0}"
EndProject
Global
	GlobalSection(SolutionConfigurationPlatforms) = preSolution
		Debug|Any CPU = Debug|Any CPU
		Release|Any CPU = Release|Any CPU
	EndGlobalSection
	GlobalSection(ProjectConfigurationPlatforms) = postSolution
		{92773D34-0F83-434B-A872-8F7EEB6B4A9F}.Debug|Any CPU.ActiveCfg = Debug|Any CPU
		{92773D34-0F83-434B-A872-8F7EEB6B4A9F}.Debug|Any CPU.Build.0 = Debug|Any CPU
		{92773D34-0F83-434B-A872-8F7EEB6B4A9F}.Release|Any CPU.ActiveCfg = Release|Any CPU
		{92773D34-0F83-434B-A872-8F7EEB6B4A9F}.Release|Any CPU.Build.0 = Release|Any CPU
		{C21B6793-B741-4EFD-BCBF-0151B6F884AF}.Debug|Any CPU.ActiveCfg = Debug|Any CPU
		{C21B6793-B741-4EFD-BCBF-0151B6F884AF}.Debug|Any CPU.Build.0 = Debug|Any CPU
		{C21B6793-B741-4EFD-BCBF-0151B6F884AF}.Release|Any CPU.ActiveCfg = Release|Any CPU
		{C21B6793-B741-4EFD-BCBF-0151B6F884AF}.Release|Any CPU.Build.0 = Release|Any CPU
		{28CD5091-46E0-4F57-BEE4-5D96C3B4962F}.Debug|Any CPU.ActiveCfg = Debug|Any CPU
		{28CD5091-46E0-4F57-BEE4-5D96C3B4962F}.Debug|Any CPU.Build.0 = Debug|Any CPU
		{28CD5091-46E0-4F57-BEE4-5D96C3B4962F}.Release|Any CPU.ActiveCfg = Release|Any CPU
		{28CD5091-46E0-4F57-BEE4-5D96C3B4962F}.Release|Any CPU.Build.0 = Release|Any CPU
		{44E18056-E7FF-4FAC-80E5-13BF9D83DDE0}.Debug|Any CPU.ActiveCfg = Debug|Any CPU
		{44E18056-E7FF-4FAC-80E5-13BF9D83DDE0}.Debug|Any CPU.Build.0 = Debug|Any CPU
		{44E18056-E7FF-4FAC-80E5-13BF9D83DDE0}.Release|Any CPU.ActiveCfg = Release|Any CPU
		{44E18056-E7FF-4FAC-80E5-13BF9D83DDE0}.Release|Any CPU.Build.0 = Release|Any CPU
	EndGlobalSection
	GlobalSection(SolutionProperties) = preSolution
		HideSolutionNode = FALSE
	EndGlobalSection
	GlobalSection(NestedProjects) = preSolution
		{C21B6793-B741-4EFD-BCBF-0151B6F884AF} = {84857E4E-5FEB-4423-A870-20420889AE85}
		{28CD5091-46E0-4F57-BEE4-5D96C3B4962F} = {84857E4E-5FEB-4423-A870-20420889AE85}
		{44E18056-E7FF-4FAC-80E5-13BF9D83DDE0} = {98027694-7714-48DF-B06B-A55F1D15C6D6}
	EndGlobalSection
	GlobalSection(ExtensibilityGlobals) = postSolution
		SolutionGuid = {29684CB4-91D2-4254-966F-8826D47B7618}
	EndGlobalSection
EndGlobal
